version: 2.0
shards:
  ameba:
    git: https://github.com/crystal-ameba/ameba.git
    version: 1.6.4

  bindata:
    git: https://github.com/spider-gazelle/bindata.git
    version: 2.1.1

  ldap:
    git: https://github.com/dirless/crystal-ldap.git
    version: 0.9.1+git.commit.43c303d5e56ade135d7286a4f6af6e6d791abfb5

  promise:
    git: https://github.com/spider-gazelle/promise.git
    version: 3.2.0

